
Microsoft Visual Studio Solution File, Format Version 12.00
# Visual Studio Version 17
VisualStudioVersion = 17.8.34330.188
MinimumVisualStudioVersion = 10.0.40219.1
Project("{9A19103F-16F7-4668-BE54-9A1E7A4F7556}") = "Web", "Web\Web.csproj", "{EF9BF944-9DD2-4B64-BA64-5BE2DB77FCA3}"
EndProject
Project("{9A19103F-16F7-4668-BE54-9A1E7A4F7556}") = "Repositorios", "Repositorios\Repositorios.csproj", "{3C29341A-B686-40C8-B17A-8E4B50DCFEE3}"
EndProject
Project("{FAE04EC0-301F-11D3-BF4B-00C04F79EFBC}") = "Servicos", "Servicos\Servicos.csproj", "{036CAA86-60BC-4AFA-BBE3-D939E46C18AC}"
EndProject
Global
	GlobalSection(SolutionConfigurationPlatforms) = preSolution
		Debug|Any CPU = Debug|Any CPU
		Release|Any CPU = Release|Any CPU
	EndGlobalSection
	GlobalSection(ProjectConfigurationPlatforms) = postSolution
		{EF9BF944-9DD2-4B64-BA64-5BE2DB77FCA3}.Debug|Any CPU.ActiveCfg = Debug|Any CPU
		{EF9BF944-9DD2-4B64-BA64-5BE2DB77FCA3}.Debug|Any CPU.Build.0 = Debug|Any CPU
		{EF9BF944-9DD2-4B64-BA64-5BE2DB77FCA3}.Release|Any CPU.ActiveCfg = Release|Any CPU
		{EF9BF944-9DD2-4B64-BA64-5BE2DB77FCA3}.Release|Any CPU.Build.0 = Release|Any CPU
		{3C29341A-B686-40C8-B17A-8E4B50DCFEE3}.Debug|Any CPU.ActiveCfg = Debug|Any CPU
		{3C29341A-B686-40C8-B17A-8E4B50DCFEE3}.Debug|Any CPU.Build.0 = Debug|Any CPU
		{3C29341A-B686-40C8-B17A-8E4B50DCFEE3}.Release|Any CPU.ActiveCfg = Release|Any CPU
		{3C29341A-B686-40C8-B17A-8E4B50DCFEE3}.Release|Any CPU.Build.0 = Release|Any CPU
		{036CAA86-60BC-4AFA-BBE3-D939E46C18AC}.Debug|Any CPU.ActiveCfg = Debug|Any CPU
		{036CAA86-60BC-4AFA-BBE3-D939E46C18AC}.Debug|Any CPU.Build.0 = Debug|Any CPU
		{036CAA86-60BC-4AFA-BBE3-D939E46C18AC}.Release|Any CPU.ActiveCfg = Release|Any CPU
		{036CAA86-60BC-4AFA-BBE3-D939E46C18AC}.Release|Any CPU.Build.0 = Release|Any CPU
	EndGlobalSection
	GlobalSection(SolutionProperties) = preSolution
		HideSolutionNode = FALSE
	EndGlobalSection
	GlobalSection(ExtensibilityGlobals) = postSolution
		SolutionGuid = {EDAFE5DB-10AE-4E96-B09A-6A7E91FC1838}
	EndGlobalSection
EndGlobal
