
Microsoft Visual Studio Solution File, Format Version 12.00
# Visual Studio Version 17
VisualStudioVersion = 17.8.34408.163
MinimumVisualStudioVersion = 10.0.40219.1
Project("{9A19103F-16F7-4668-BE54-9A1E7A4F7556}") = "ExemploSaida", "ExemploSaida\ExemploSaida.csproj", "{AECFDDAB-F108-4368-A299-021B2D409AD7}"
EndProject
Project("{9A19103F-16F7-4668-BE54-9A1E7A4F7556}") = "ExemploVariaveis", "ExemploVariaveis\ExemploVariaveis.csproj", "{7A5C060B-4AE8-43BD-B0F7-1B57800BE991}"
EndProject
Project("{9A19103F-16F7-4668-BE54-9A1E7A4F7556}") = "ExemploEntrada", "ExemploEntrada\ExemploEntrada.csproj", "{1553FCA6-4B95-40B0-9031-DAB7BBBC1498}"
EndProject
Project("{9A19103F-16F7-4668-BE54-9A1E7A4F7556}") = "ExemploConversao", "ExemploConversao\ExemploConversao.csproj", "{A6A19499-4F25-4FB9-93C5-DB05DBB252C0}"
EndProject
Project("{9A19103F-16F7-4668-BE54-9A1E7A4F7556}") = "ExemploEstruturaCondicional", "ExemploEstruturaCondicional\ExemploEstruturaCondicional.csproj", "{EF6E4311-D80D-4952-8AD6-580349F6B395}"
EndProject
Project("{9A19103F-16F7-4668-BE54-9A1E7A4F7556}") = "ExemploTratatementoErros", "ExemploTratatementoErros\ExemploTratatementoErros.csproj", "{672C4363-467A-4303-9C03-AC078CE7C57B}"
EndProject
Project("{9A19103F-16F7-4668-BE54-9A1E7A4F7556}") = "ExemploEnquanto", "ExemploEnquanto\ExemploEnquanto.csproj", "{BC3097FE-0E9F-4C59-952F-DCB0AC7D6935}"
EndProject
Project("{9A19103F-16F7-4668-BE54-9A1E7A4F7556}") = "ExemploStrings", "ExemploStrings\ExemploStrings.csproj", "{4FE4A015-D169-4124-B3D4-77BF91C4500B}"
EndProject
Project("{9A19103F-16F7-4668-BE54-9A1E7A4F7556}") = "ExemploPara", "ExemploPara\ExemploPara.csproj", "{457D11FF-1BFA-4A8D-A840-07EB94A71501}"
EndProject
Project("{9A19103F-16F7-4668-BE54-9A1E7A4F7556}") = "ExemploMetodos", "ExemploMetodos\ExemploMetodos.csproj", "{8E8EFEC6-BBD5-477B-830F-2EDDD383F11B}"
EndProject
Project("{2150E333-8FDC-42A3-9474-1A3956D46DE8}") = "00 - Output", "00 - Output", "{D7BE8E2F-3233-4E1A-BC06-7AC4D556E630}"
EndProject
Project("{2150E333-8FDC-42A3-9474-1A3956D46DE8}") = "03 - Input", "03 - Input", "{44CE2104-9ECC-4CA2-9355-AACA14A0FAB1}"
EndProject
Project("{2150E333-8FDC-42A3-9474-1A3956D46DE8}") = "02 - Convert", "02 - Convert", "{C5D3C15B-AE61-4324-9C87-ED46EBE6E4E8}"
EndProject
Project("{2150E333-8FDC-42A3-9474-1A3956D46DE8}") = "05 - Exceptions", "05 - Exceptions", "{7BFA33BE-D071-465F-8ED8-61AF90566E79}"
EndProject
Project("{2150E333-8FDC-42A3-9474-1A3956D46DE8}") = "04 - If", "04 - If", "{7FB83A4F-5DBF-41B8-BA3F-096A35CACCD1}"
EndProject
Project("{2150E333-8FDC-42A3-9474-1A3956D46DE8}") = "07 - While For", "07 - While For", "{376EB609-1E05-4F3A-883A-DCD452ACD15A}"
EndProject
Project("{2150E333-8FDC-42A3-9474-1A3956D46DE8}") = "01 - Variáveis", "01 - Variáveis", "{641A3E40-4B25-4E30-8050-D5D02BBD266C}"
EndProject
Project("{2150E333-8FDC-42A3-9474-1A3956D46DE8}") = "06 - String Methods", "06 - String Methods", "{A7B0929D-A60F-4F4C-9966-82C1BF426D30}"
EndProject
Project("{2150E333-8FDC-42A3-9474-1A3956D46DE8}") = "08 - Orientacao Objetos", "08 - Orientacao Objetos", "{5A1AC959-2EE5-4AA5-A65D-70E4CE316428}"
EndProject
Project("{2150E333-8FDC-42A3-9474-1A3956D46DE8}") = "09 - Vetor", "09 - Vetor", "{AC66553D-2F3A-454D-ADD6-23073AA2753F}"
EndProject
Project("{9A19103F-16F7-4668-BE54-9A1E7A4F7556}") = "ExemploVetor", "ExemploVetor\ExemploVetor.csproj", "{7A6C359A-1F4E-4979-9D30-BE0A6587DDF5}"
EndProject
Project("{9A19103F-16F7-4668-BE54-9A1E7A4F7556}") = "ExemploVetorComPara", "ExemploVetorComPara\ExemploVetorComPara.csproj", "{59617986-2195-4800-8FC2-69E2D3EF1448}"
EndProject
Project("{2150E333-8FDC-42A3-9474-1A3956D46DE8}") = "10 - BibliotecaExterna", "10 - BibliotecaExterna", "{F7532A7D-1594-4502-9CEE-C9A5444C96BB}"
EndProject
Project("{9A19103F-16F7-4668-BE54-9A1E7A4F7556}") = "ExemploSpectreConsole", "ExemploSpectreConsole\ExemploSpectreConsole.csproj", "{4FA64468-035C-4A23-B1C2-D44BEBB3CB5E}"
EndProject
Project("{FAE04EC0-301F-11D3-BF4B-00C04F79EFBC}") = "ExemploPropriedades", "ExemploPropriedades\ExemploPropriedades.csproj", "{3EC53067-0D6B-4362-AC57-979803ECF1EB}"
EndProject
Global
	GlobalSection(SolutionConfigurationPlatforms) = preSolution
		Debug|Any CPU = Debug|Any CPU
		Release|Any CPU = Release|Any CPU
	EndGlobalSection
	GlobalSection(ProjectConfigurationPlatforms) = postSolution
		{AECFDDAB-F108-4368-A299-021B2D409AD7}.Debug|Any CPU.ActiveCfg = Debug|Any CPU
		{AECFDDAB-F108-4368-A299-021B2D409AD7}.Debug|Any CPU.Build.0 = Debug|Any CPU
		{AECFDDAB-F108-4368-A299-021B2D409AD7}.Release|Any CPU.ActiveCfg = Release|Any CPU
		{AECFDDAB-F108-4368-A299-021B2D409AD7}.Release|Any CPU.Build.0 = Release|Any CPU
		{7A5C060B-4AE8-43BD-B0F7-1B57800BE991}.Debug|Any CPU.ActiveCfg = Debug|Any CPU
		{7A5C060B-4AE8-43BD-B0F7-1B57800BE991}.Debug|Any CPU.Build.0 = Debug|Any CPU
		{7A5C060B-4AE8-43BD-B0F7-1B57800BE991}.Release|Any CPU.ActiveCfg = Release|Any CPU
		{7A5C060B-4AE8-43BD-B0F7-1B57800BE991}.Release|Any CPU.Build.0 = Release|Any CPU
		{1553FCA6-4B95-40B0-9031-DAB7BBBC1498}.Debug|Any CPU.ActiveCfg = Debug|Any CPU
		{1553FCA6-4B95-40B0-9031-DAB7BBBC1498}.Debug|Any CPU.Build.0 = Debug|Any CPU
		{1553FCA6-4B95-40B0-9031-DAB7BBBC1498}.Release|Any CPU.ActiveCfg = Release|Any CPU
		{1553FCA6-4B95-40B0-9031-DAB7BBBC1498}.Release|Any CPU.Build.0 = Release|Any CPU
		{A6A19499-4F25-4FB9-93C5-DB05DBB252C0}.Debug|Any CPU.ActiveCfg = Debug|Any CPU
		{A6A19499-4F25-4FB9-93C5-DB05DBB252C0}.Debug|Any CPU.Build.0 = Debug|Any CPU
		{A6A19499-4F25-4FB9-93C5-DB05DBB252C0}.Release|Any CPU.ActiveCfg = Release|Any CPU
		{A6A19499-4F25-4FB9-93C5-DB05DBB252C0}.Release|Any CPU.Build.0 = Release|Any CPU
		{EF6E4311-D80D-4952-8AD6-580349F6B395}.Debug|Any CPU.ActiveCfg = Debug|Any CPU
		{EF6E4311-D80D-4952-8AD6-580349F6B395}.Debug|Any CPU.Build.0 = Debug|Any CPU
		{EF6E4311-D80D-4952-8AD6-580349F6B395}.Release|Any CPU.ActiveCfg = Release|Any CPU
		{EF6E4311-D80D-4952-8AD6-580349F6B395}.Release|Any CPU.Build.0 = Release|Any CPU
		{672C4363-467A-4303-9C03-AC078CE7C57B}.Debug|Any CPU.ActiveCfg = Debug|Any CPU
		{672C4363-467A-4303-9C03-AC078CE7C57B}.Debug|Any CPU.Build.0 = Debug|Any CPU
		{672C4363-467A-4303-9C03-AC078CE7C57B}.Release|Any CPU.ActiveCfg = Release|Any CPU
		{672C4363-467A-4303-9C03-AC078CE7C57B}.Release|Any CPU.Build.0 = Release|Any CPU
		{BC3097FE-0E9F-4C59-952F-DCB0AC7D6935}.Debug|Any CPU.ActiveCfg = Debug|Any CPU
		{BC3097FE-0E9F-4C59-952F-DCB0AC7D6935}.Debug|Any CPU.Build.0 = Debug|Any CPU
		{BC3097FE-0E9F-4C59-952F-DCB0AC7D6935}.Release|Any CPU.ActiveCfg = Release|Any CPU
		{BC3097FE-0E9F-4C59-952F-DCB0AC7D6935}.Release|Any CPU.Build.0 = Release|Any CPU
		{4FE4A015-D169-4124-B3D4-77BF91C4500B}.Debug|Any CPU.ActiveCfg = Debug|Any CPU
		{4FE4A015-D169-4124-B3D4-77BF91C4500B}.Debug|Any CPU.Build.0 = Debug|Any CPU
		{4FE4A015-D169-4124-B3D4-77BF91C4500B}.Release|Any CPU.ActiveCfg = Release|Any CPU
		{4FE4A015-D169-4124-B3D4-77BF91C4500B}.Release|Any CPU.Build.0 = Release|Any CPU
		{457D11FF-1BFA-4A8D-A840-07EB94A71501}.Debug|Any CPU.ActiveCfg = Debug|Any CPU
		{457D11FF-1BFA-4A8D-A840-07EB94A71501}.Debug|Any CPU.Build.0 = Debug|Any CPU
		{457D11FF-1BFA-4A8D-A840-07EB94A71501}.Release|Any CPU.ActiveCfg = Release|Any CPU
		{457D11FF-1BFA-4A8D-A840-07EB94A71501}.Release|Any CPU.Build.0 = Release|Any CPU
		{8E8EFEC6-BBD5-477B-830F-2EDDD383F11B}.Debug|Any CPU.ActiveCfg = Debug|Any CPU
		{8E8EFEC6-BBD5-477B-830F-2EDDD383F11B}.Debug|Any CPU.Build.0 = Debug|Any CPU
		{8E8EFEC6-BBD5-477B-830F-2EDDD383F11B}.Release|Any CPU.ActiveCfg = Release|Any CPU
		{8E8EFEC6-BBD5-477B-830F-2EDDD383F11B}.Release|Any CPU.Build.0 = Release|Any CPU
		{7A6C359A-1F4E-4979-9D30-BE0A6587DDF5}.Debug|Any CPU.ActiveCfg = Debug|Any CPU
		{7A6C359A-1F4E-4979-9D30-BE0A6587DDF5}.Debug|Any CPU.Build.0 = Debug|Any CPU
		{7A6C359A-1F4E-4979-9D30-BE0A6587DDF5}.Release|Any CPU.ActiveCfg = Release|Any CPU
		{7A6C359A-1F4E-4979-9D30-BE0A6587DDF5}.Release|Any CPU.Build.0 = Release|Any CPU
		{59617986-2195-4800-8FC2-69E2D3EF1448}.Debug|Any CPU.ActiveCfg = Debug|Any CPU
		{59617986-2195-4800-8FC2-69E2D3EF1448}.Debug|Any CPU.Build.0 = Debug|Any CPU
		{59617986-2195-4800-8FC2-69E2D3EF1448}.Release|Any CPU.ActiveCfg = Release|Any CPU
		{59617986-2195-4800-8FC2-69E2D3EF1448}.Release|Any CPU.Build.0 = Release|Any CPU
		{4FA64468-035C-4A23-B1C2-D44BEBB3CB5E}.Debug|Any CPU.ActiveCfg = Debug|Any CPU
		{4FA64468-035C-4A23-B1C2-D44BEBB3CB5E}.Debug|Any CPU.Build.0 = Debug|Any CPU
		{4FA64468-035C-4A23-B1C2-D44BEBB3CB5E}.Release|Any CPU.ActiveCfg = Release|Any CPU
		{4FA64468-035C-4A23-B1C2-D44BEBB3CB5E}.Release|Any CPU.Build.0 = Release|Any CPU
		{3EC53067-0D6B-4362-AC57-979803ECF1EB}.Debug|Any CPU.ActiveCfg = Debug|Any CPU
		{3EC53067-0D6B-4362-AC57-979803ECF1EB}.Debug|Any CPU.Build.0 = Debug|Any CPU
		{3EC53067-0D6B-4362-AC57-979803ECF1EB}.Release|Any CPU.ActiveCfg = Release|Any CPU
		{3EC53067-0D6B-4362-AC57-979803ECF1EB}.Release|Any CPU.Build.0 = Release|Any CPU
	EndGlobalSection
	GlobalSection(SolutionProperties) = preSolution
		HideSolutionNode = FALSE
	EndGlobalSection
	GlobalSection(NestedProjects) = preSolution
		{AECFDDAB-F108-4368-A299-021B2D409AD7} = {D7BE8E2F-3233-4E1A-BC06-7AC4D556E630}
		{7A5C060B-4AE8-43BD-B0F7-1B57800BE991} = {641A3E40-4B25-4E30-8050-D5D02BBD266C}
		{1553FCA6-4B95-40B0-9031-DAB7BBBC1498} = {44CE2104-9ECC-4CA2-9355-AACA14A0FAB1}
		{A6A19499-4F25-4FB9-93C5-DB05DBB252C0} = {C5D3C15B-AE61-4324-9C87-ED46EBE6E4E8}
		{EF6E4311-D80D-4952-8AD6-580349F6B395} = {7FB83A4F-5DBF-41B8-BA3F-096A35CACCD1}
		{672C4363-467A-4303-9C03-AC078CE7C57B} = {7BFA33BE-D071-465F-8ED8-61AF90566E79}
		{BC3097FE-0E9F-4C59-952F-DCB0AC7D6935} = {376EB609-1E05-4F3A-883A-DCD452ACD15A}
		{4FE4A015-D169-4124-B3D4-77BF91C4500B} = {A7B0929D-A60F-4F4C-9966-82C1BF426D30}
		{457D11FF-1BFA-4A8D-A840-07EB94A71501} = {376EB609-1E05-4F3A-883A-DCD452ACD15A}
		{8E8EFEC6-BBD5-477B-830F-2EDDD383F11B} = {5A1AC959-2EE5-4AA5-A65D-70E4CE316428}
		{7A6C359A-1F4E-4979-9D30-BE0A6587DDF5} = {AC66553D-2F3A-454D-ADD6-23073AA2753F}
		{59617986-2195-4800-8FC2-69E2D3EF1448} = {AC66553D-2F3A-454D-ADD6-23073AA2753F}
		{4FA64468-035C-4A23-B1C2-D44BEBB3CB5E} = {F7532A7D-1594-4502-9CEE-C9A5444C96BB}
		{3EC53067-0D6B-4362-AC57-979803ECF1EB} = {5A1AC959-2EE5-4AA5-A65D-70E4CE316428}
	EndGlobalSection
	GlobalSection(ExtensibilityGlobals) = postSolution
		SolutionGuid = {07780032-DE6F-422B-881A-DA4C83DFB192}
	EndGlobalSection
EndGlobal
